
Microsoft Visual Studio Solution File, Format Version 12.00
# Visual Studio 2012
Project("{FAE04EC0-301F-11D3-BF4B-00C04F79EFBC}") = "SteamKeyValue", "SteamKeyValue.csproj", "{421AA09F-02DE-4F8A-9272-C478C4AC122F}"
EndProject
Global
	GlobalSection(SolutionConfigurationPlatforms) = preSolution
		Debug|Any CPU = Debug|Any CPU
		Release|Any CPU = Release|Any CPU
	EndGlobalSection
	GlobalSection(ProjectConfigurationPlatforms) = postSolution
		{421AA09F-02DE-4F8A-9272-C478C4AC122F}.Debug|Any CPU.ActiveCfg = Release|Any CPU
		{421AA09F-02DE-4F8A-9272-C478C4AC122F}.Debug|Any CPU.Build.0 = Release|Any CPU
		{421AA09F-02DE-4F8A-9272-C478C4AC122F}.Release|Any CPU.ActiveCfg = Release|Any CPU
		{421AA09F-02DE-4F8A-9272-C478C4AC122F}.Release|Any CPU.Build.0 = Release|Any CPU
	EndGlobalSection
	GlobalSection(SolutionProperties) = preSolution
		HideSolutionNode = FALSE
	EndGlobalSection
EndGlobal
